
Microsoft Visual Studio Solution File, Format Version 12.00
# Visual Studio Version 17
VisualStudioVersion = 17.4.33403.182
MinimumVisualStudioVersion = 10.0.40219.1
Project("{9A19103F-16F7-4668-BE54-9A1E7A4F7556}") = "EventManager", "EventManager\EventManager.csproj", "{3ED489DA-67B1-4BC2-BE38-690917DA70E3}"
EndProject
Project("{FAE04EC0-301F-11D3-BF4B-00C04F79EFBC}") = "EventManager_Web", "EventManager_Web\EventManager_Web.csproj", "{9C330150-3F80-4585-B0FD-0BB6E40BCCF8}"
EndProject
Global
	GlobalSection(SolutionConfigurationPlatforms) = preSolution
		Debug|Any CPU = Debug|Any CPU
		Release|Any CPU = Release|Any CPU
	EndGlobalSection
	GlobalSection(ProjectConfigurationPlatforms) = postSolution
		{3ED489DA-67B1-4BC2-BE38-690917DA70E3}.Debug|Any CPU.ActiveCfg = Debug|Any CPU
		{3ED489DA-67B1-4BC2-BE38-690917DA70E3}.Debug|Any CPU.Build.0 = Debug|Any CPU
		{3ED489DA-67B1-4BC2-BE38-690917DA70E3}.Release|Any CPU.ActiveCfg = Release|Any CPU
		{3ED489DA-67B1-4BC2-BE38-690917DA70E3}.Release|Any CPU.Build.0 = Release|Any CPU
		{9C330150-3F80-4585-B0FD-0BB6E40BCCF8}.Debug|Any CPU.ActiveCfg = Debug|Any CPU
		{9C330150-3F80-4585-B0FD-0BB6E40BCCF8}.Debug|Any CPU.Build.0 = Debug|Any CPU
		{9C330150-3F80-4585-B0FD-0BB6E40BCCF8}.Release|Any CPU.ActiveCfg = Release|Any CPU
		{9C330150-3F80-4585-B0FD-0BB6E40BCCF8}.Release|Any CPU.Build.0 = Release|Any CPU
	EndGlobalSection
	GlobalSection(SolutionProperties) = preSolution
		HideSolutionNode = FALSE
	EndGlobalSection
	GlobalSection(ExtensibilityGlobals) = postSolution
		SolutionGuid = {477BF234-8BB9-46C8-8064-7EA8A67F27B2}
	EndGlobalSection
EndGlobal
